
Microsoft Visual Studio Solution File, Format Version 12.00
# Visual Studio Version 17
VisualStudioVersion = 17.13.35931.197 d17.13
MinimumVisualStudioVersion = 10.0.40219.1
Project("{FAE04EC0-301F-11D3-BF4B-00C04F79EFBC}") = "ConsoleApp1", "ConsoleApp1.csproj", "{B153D756-AFE5-4D51-B5E1-83DE34F80C70}"
EndProject
Project("{FAE04EC0-301F-11D3-BF4B-00C04F79EFBC}") = "ConsoleApp1.Test", "..\ConsoleApp1.Test\ConsoleApp1.Test.csproj", "{0952B4D6-9533-4E8B-83C0-6EC852B43CAA}"
EndProject
Global
	GlobalSection(SolutionConfigurationPlatforms) = preSolution
		Debug|Any CPU = Debug|Any CPU
		Release|Any CPU = Release|Any CPU
	EndGlobalSection
	GlobalSection(ProjectConfigurationPlatforms) = postSolution
		{B153D756-AFE5-4D51-B5E1-83DE34F80C70}.Debug|Any CPU.ActiveCfg = Debug|Any CPU
		{B153D756-AFE5-4D51-B5E1-83DE34F80C70}.Debug|Any CPU.Build.0 = Debug|Any CPU
		{B153D756-AFE5-4D51-B5E1-83DE34F80C70}.Release|Any CPU.ActiveCfg = Release|Any CPU
		{B153D756-AFE5-4D51-B5E1-83DE34F80C70}.Release|Any CPU.Build.0 = Release|Any CPU
		{0952B4D6-9533-4E8B-83C0-6EC852B43CAA}.Debug|Any CPU.ActiveCfg = Debug|Any CPU
		{0952B4D6-9533-4E8B-83C0-6EC852B43CAA}.Debug|Any CPU.Build.0 = Debug|Any CPU
		{0952B4D6-9533-4E8B-83C0-6EC852B43CAA}.Release|Any CPU.ActiveCfg = Release|Any CPU
		{0952B4D6-9533-4E8B-83C0-6EC852B43CAA}.Release|Any CPU.Build.0 = Release|Any CPU
	EndGlobalSection
	GlobalSection(SolutionProperties) = preSolution
		HideSolutionNode = FALSE
	EndGlobalSection
	GlobalSection(ExtensibilityGlobals) = postSolution
		SolutionGuid = {245A4D84-5FAA-4405-A344-B38F6A3B46B9}
	EndGlobalSection
EndGlobal
